{
  "originHash" : "64a4a52635fba669c20f14f019aed8ebb77685efdde6d9cc7f4a32a8d8bcaf74",
  "pins" : [
    {
      "identity" : "capacitor-swift-pm",
      "kind" : "remoteSourceControl",
      "location" : "https://github.com/ionic-team/capacitor-swift-pm.git",
      "state" : {
        "branch" : "main",
        "revision" : "de1d86e8b7a9b3ddfd19d6304aa3850023536505"
      }
    }
  ],
  "version" : 3
}
